
Microsoft Visual Studio Solution File, Format Version 12.00
# Visual Studio 14
VisualStudioVersion = 14.0.25420.1
MinimumVisualStudioVersion = 10.0.40219.1
Project("{FAE04EC0-301F-11D3-BF4B-00C04F79EFBC}") = "anagrams", "anagrams\anagrams.csproj", "{A3F62F14-BB8F-4F41-9437-1342C97238EB}"
EndProject
Project("{FAE04EC0-301F-11D3-BF4B-00C04F79EFBC}") = "anagrams.Tests", "anagrams.Tests\anagrams.Tests.csproj", "{48468EAA-FAA7-431D-BD08-B0129E593049}"
EndProject
Global
	GlobalSection(SolutionConfigurationPlatforms) = preSolution
		Debug|Any CPU = Debug|Any CPU
		Release|Any CPU = Release|Any CPU
	EndGlobalSection
	GlobalSection(ProjectConfigurationPlatforms) = postSolution
		{A3F62F14-BB8F-4F41-9437-1342C97238EB}.Debug|Any CPU.ActiveCfg = Debug|Any CPU
		{A3F62F14-BB8F-4F41-9437-1342C97238EB}.Debug|Any CPU.Build.0 = Debug|Any CPU
		{A3F62F14-BB8F-4F41-9437-1342C97238EB}.Release|Any CPU.ActiveCfg = Release|Any CPU
		{A3F62F14-BB8F-4F41-9437-1342C97238EB}.Release|Any CPU.Build.0 = Release|Any CPU
		{48468EAA-FAA7-431D-BD08-B0129E593049}.Debug|Any CPU.ActiveCfg = Debug|Any CPU
		{48468EAA-FAA7-431D-BD08-B0129E593049}.Debug|Any CPU.Build.0 = Debug|Any CPU
		{48468EAA-FAA7-431D-BD08-B0129E593049}.Release|Any CPU.ActiveCfg = Release|Any CPU
		{48468EAA-FAA7-431D-BD08-B0129E593049}.Release|Any CPU.Build.0 = Release|Any CPU
	EndGlobalSection
	GlobalSection(SolutionProperties) = preSolution
		HideSolutionNode = FALSE
	EndGlobalSection
EndGlobal
